
Microsoft Visual Studio Solution File, Format Version 12.00
# Visual Studio Version 17
VisualStudioVersion = 17.8.34322.80
MinimumVisualStudioVersion = 10.0.40219.1
Project("{FAE04EC0-301F-11D3-BF4B-00C04F79EFBC}") = "ConsoleApp1", "ConsoleApp1\ConsoleApp1.csproj", "{CE8FC4AF-C9ED-4820-BFB3-9F56BD10DEE9}"
EndProject
Global
	GlobalSection(SolutionConfigurationPlatforms) = preSolution
		Debug|Any CPU = Debug|Any CPU
		Release|Any CPU = Release|Any CPU
	EndGlobalSection
	GlobalSection(ProjectConfigurationPlatforms) = postSolution
		{CE8FC4AF-C9ED-4820-BFB3-9F56BD10DEE9}.Debug|Any CPU.ActiveCfg = Debug|Any CPU
		{CE8FC4AF-C9ED-4820-BFB3-9F56BD10DEE9}.Debug|Any CPU.Build.0 = Debug|Any CPU
		{CE8FC4AF-C9ED-4820-BFB3-9F56BD10DEE9}.Release|Any CPU.ActiveCfg = Release|Any CPU
		{CE8FC4AF-C9ED-4820-BFB3-9F56BD10DEE9}.Release|Any CPU.Build.0 = Release|Any CPU
	EndGlobalSection
	GlobalSection(SolutionProperties) = preSolution
		HideSolutionNode = FALSE
	EndGlobalSection
	GlobalSection(ExtensibilityGlobals) = postSolution
		SolutionGuid = {5A2384F4-10E8-40A1-ADD4-1C7D262321A6}
	EndGlobalSection
EndGlobal
