
Microsoft Visual Studio Solution File, Format Version 12.00
# Visual Studio Version 17
VisualStudioVersion = 17.8.34322.80
MinimumVisualStudioVersion = 10.0.40219.1
Project("{FAE04EC0-301F-11D3-BF4B-00C04F79EFBC}") = "LAB1", "LAB1\LAB1.csproj", "{5862A8B1-872B-4A30-9E0E-6B6D00892E99}"
EndProject
Global
	GlobalSection(SolutionConfigurationPlatforms) = preSolution
		Debug|Any CPU = Debug|Any CPU
		Release|Any CPU = Release|Any CPU
	EndGlobalSection
	GlobalSection(ProjectConfigurationPlatforms) = postSolution
		{5862A8B1-872B-4A30-9E0E-6B6D00892E99}.Debug|Any CPU.ActiveCfg = Debug|Any CPU
		{5862A8B1-872B-4A30-9E0E-6B6D00892E99}.Debug|Any CPU.Build.0 = Debug|Any CPU
		{5862A8B1-872B-4A30-9E0E-6B6D00892E99}.Release|Any CPU.ActiveCfg = Release|Any CPU
		{5862A8B1-872B-4A30-9E0E-6B6D00892E99}.Release|Any CPU.Build.0 = Release|Any CPU
	EndGlobalSection
	GlobalSection(SolutionProperties) = preSolution
		HideSolutionNode = FALSE
	EndGlobalSection
	GlobalSection(ExtensibilityGlobals) = postSolution
		SolutionGuid = {AE79C0BC-90DA-4C4A-A780-C77E2B534F01}
	EndGlobalSection
EndGlobal
