
Microsoft Visual Studio Solution File, Format Version 12.00
# Visual Studio Version 17
VisualStudioVersion = 17.8.34322.80
MinimumVisualStudioVersion = 10.0.40219.1
Project("{FAE04EC0-301F-11D3-BF4B-00C04F79EFBC}") = "Lab2.2", "Lab2.2\Lab2.2.csproj", "{84498912-CB03-47A3-B0AB-D32F74048D78}"
EndProject
Global
	GlobalSection(SolutionConfigurationPlatforms) = preSolution
		Debug|Any CPU = Debug|Any CPU
		Release|Any CPU = Release|Any CPU
	EndGlobalSection
	GlobalSection(ProjectConfigurationPlatforms) = postSolution
		{84498912-CB03-47A3-B0AB-D32F74048D78}.Debug|Any CPU.ActiveCfg = Debug|Any CPU
		{84498912-CB03-47A3-B0AB-D32F74048D78}.Debug|Any CPU.Build.0 = Debug|Any CPU
		{84498912-CB03-47A3-B0AB-D32F74048D78}.Release|Any CPU.ActiveCfg = Release|Any CPU
		{84498912-CB03-47A3-B0AB-D32F74048D78}.Release|Any CPU.Build.0 = Release|Any CPU
	EndGlobalSection
	GlobalSection(SolutionProperties) = preSolution
		HideSolutionNode = FALSE
	EndGlobalSection
	GlobalSection(ExtensibilityGlobals) = postSolution
		SolutionGuid = {22ACFC8E-8C2E-426A-86FC-6AD3F7788D0B}
	EndGlobalSection
EndGlobal
