
Microsoft Visual Studio Solution File, Format Version 12.00
# Visual Studio Version 17
VisualStudioVersion = 17.8.34322.80
MinimumVisualStudioVersion = 10.0.40219.1
Project("{FAE04EC0-301F-11D3-BF4B-00C04F79EFBC}") = "lab 2 2", "lab 2 2\lab 2 2.csproj", "{A8FAF6C1-E15B-46E2-B1F8-2F700A174D13}"
EndProject
Global
	GlobalSection(SolutionConfigurationPlatforms) = preSolution
		Debug|Any CPU = Debug|Any CPU
		Release|Any CPU = Release|Any CPU
	EndGlobalSection
	GlobalSection(ProjectConfigurationPlatforms) = postSolution
		{A8FAF6C1-E15B-46E2-B1F8-2F700A174D13}.Debug|Any CPU.ActiveCfg = Debug|Any CPU
		{A8FAF6C1-E15B-46E2-B1F8-2F700A174D13}.Debug|Any CPU.Build.0 = Debug|Any CPU
		{A8FAF6C1-E15B-46E2-B1F8-2F700A174D13}.Release|Any CPU.ActiveCfg = Release|Any CPU
		{A8FAF6C1-E15B-46E2-B1F8-2F700A174D13}.Release|Any CPU.Build.0 = Release|Any CPU
	EndGlobalSection
	GlobalSection(SolutionProperties) = preSolution
		HideSolutionNode = FALSE
	EndGlobalSection
	GlobalSection(ExtensibilityGlobals) = postSolution
		SolutionGuid = {F3694E48-548C-41EB-8662-C466B67A71B5}
	EndGlobalSection
EndGlobal
